{
  "nodes": {
    "nixCats": {
      "locked": {
        "lastModified": 1741744174,
        "narHash": "sha256-caGSuskv+9EbKFhjT2OF22tLU8QhFLTmUom1CuzNwy0=",
        "owner": "BirdeeHub",
        "repo": "nixCats-nvim",
        "rev": "55d64d920a94297538acde4610016d4abdd0b7d9",
        "type": "github"
      },
      "original": {
        "owner": "BirdeeHub",
        "repo": "nixCats-nvim",
        "type": "github"
      }
    },
    "nixpkgs": {
      "locked": {
        "lastModified": 1741708242,
        "narHash": "sha256-cNRqdQD4sZpN7JLqxVOze4+WsWTmv2DGH0wNCOVwrWc=",
        "owner": "nixos",
        "repo": "nixpkgs",
        "rev": "b62d2a95c72fb068aecd374a7262b37ed92df82b",
        "type": "github"
      },
      "original": {
        "owner": "nixos",
        "ref": "nixpkgs-unstable",
        "repo": "nixpkgs",
        "type": "github"
      }
    },
    "plugins-format-on-save": {
      "flake": false,
      "locked": {
        "lastModified": 1735129140,
        "narHash": "sha256-7uJpTg2VBuas89SI1viuCKZhqgSl+iCriC3ZVuDCrBc=",
        "owner": "elentok",
        "repo": "format-on-save.nvim",
        "rev": "a224e5f6fa42cc02ce002938aff39ff43455f28f",
        "type": "github"
      },
      "original": {
        "owner": "elentok",
        "repo": "format-on-save.nvim",
        "type": "github"
      }
    },
    "plugins-gint-nvim": {
      "flake": false,
      "locked": {
        "lastModified": 1730753064,
        "narHash": "sha256-FagvPxuHqmJu5lbkYi8lW/CkKXkK3W+UCTnzULvbd6A=",
        "owner": "pneumaea",
        "repo": "gint-nvim",
        "rev": "300dce3f60a2faa25cf3fe9e4812b683df2a0f84",
        "type": "github"
      },
      "original": {
        "owner": "pneumaea",
        "repo": "gint-nvim",
        "type": "github"
      }
    },
    "plugins-gp-nvim": {
      "flake": false,
      "locked": {
        "lastModified": 1726734798,
        "narHash": "sha256-QUZrFU/+TPBEU8yi9gmyRYjI/u7DP88AxcS0RMk7Jvk=",
        "owner": "Robitx",
        "repo": "gp.nvim",
        "rev": "2372d5323c6feaa2e9c19f7ccb537c615d878e18",
        "type": "github"
      },
      "original": {
        "owner": "Robitx",
        "repo": "gp.nvim",
        "type": "github"
      }
    },
    "plugins-oh-lucy-nvim": {
      "flake": false,
      "locked": {
        "lastModified": 1739293515,
        "narHash": "sha256-+kSjqw7J/BNf5qhcwuqFFTLG1jmUtnPI2X4WXzhvysk=",
        "owner": "Yazeed1s",
        "repo": "oh-lucy.nvim",
        "rev": "8f96ec851af11c327ed2449039e09f20292b5c2c",
        "type": "github"
      },
      "original": {
        "owner": "Yazeed1s",
        "repo": "oh-lucy.nvim",
        "type": "github"
      }
    },
    "plugins-render-markdown-nvim": {
      "flake": false,
      "locked": {
        "lastModified": 1741723924,
        "narHash": "sha256-Wa5roH6etPACY7xtvycF4d9PE2jHIbkoS0M08HePXno=",
        "owner": "MeanderingProgrammer",
        "repo": "render-markdown.nvim",
        "rev": "c065031d030955e1d071a7fcdd8c59e0fd2f0343",
        "type": "github"
      },
      "original": {
        "owner": "MeanderingProgrammer",
        "repo": "render-markdown.nvim",
        "type": "github"
      }
    },
    "plugins-vim-rest-console": {
      "flake": false,
      "locked": {
        "lastModified": 1553296776,
        "narHash": "sha256-Us7LLK/GJsFyIIROGn4y0k8c3yz+Y/X+WWwHcRqL+PQ=",
        "owner": "diepm",
        "repo": "vim-rest-console",
        "rev": "7b407f47185468d1b57a8bd71cdd66c9a99359b2",
        "type": "github"
      },
      "original": {
        "owner": "diepm",
        "repo": "vim-rest-console",
        "type": "github"
      }
    },
    "root": {
      "inputs": {
        "nixCats": "nixCats",
        "nixpkgs": "nixpkgs",
        "plugins-format-on-save": "plugins-format-on-save",
        "plugins-gint-nvim": "plugins-gint-nvim",
        "plugins-gp-nvim": "plugins-gp-nvim",
        "plugins-oh-lucy-nvim": "plugins-oh-lucy-nvim",
        "plugins-render-markdown-nvim": "plugins-render-markdown-nvim",
        "plugins-vim-rest-console": "plugins-vim-rest-console"
      }
    }
  },
  "root": "root",
  "version": 7
}
